#MicroXplorer Configuration settings - do not modify
DCMI.IPParameters=PCKPolarity,VSPolarity
DCMI.PCKPolarity=DCMI_PCKPOLARITY_RISING
DCMI.VSPolarity=DCMI_VSPOLARITY_HIGH
Dma.DCMI.0.Channel=DMA_CHANNEL_1
Dma.DCMI.0.Direction=DMA_PERIPH_TO_MEMORY
Dma.DCMI.0.FIFOMode=DMA_FIFOMODE_ENABLE
Dma.DCMI.0.FIFOThreshold=DMA_FIFO_THRESHOLD_FULL
Dma.DCMI.0.Instance=DMA2_Stream1
Dma.DCMI.0.MemBurst=DMA_MBURST_SINGLE
Dma.DCMI.0.MemDataAlignment=DMA_MDATAALIGN_HALFWORD
Dma.DCMI.0.MemInc=DMA_MINC_ENABLE
Dma.DCMI.0.Mode=DMA_NORMAL
Dma.DCMI.0.PeriphBurst=DMA_PBURST_SINGLE
Dma.DCMI.0.PeriphDataAlignment=DMA_PDATAALIGN_WORD
Dma.DCMI.0.PeriphInc=DMA_PINC_DISABLE
Dma.DCMI.0.Priority=DMA_PRIORITY_VERY_HIGH
Dma.DCMI.0.RequestParameters=Instance,Channel,Direction,PeriphInc,MemInc,PeriphDataAlignment,MemDataAlignment,Mode,Priority,FIFOMode,FIFOThreshold,MemBurst,PeriphBurst
Dma.Request0=DCMI
Dma.RequestsNb=1
File.Version=5
KeepUserPlacement=true
Mcu.Family=STM32F4
Mcu.IP0=DCMI
Mcu.IP1=DMA
Mcu.IP2=I2C1
Mcu.IP3=NVIC
Mcu.IP4=RCC
Mcu.IP5=SPI5
Mcu.IP6=SYS
Mcu.IP7=TIM3
Mcu.IPNb=8
Mcu.Name=STM32F429Z(E-G-I)Tx
Mcu.Package=LQFP144
Mcu.Pin0=PE4
Mcu.Pin1=PE5
Mcu.Pin10=PA4
Mcu.Pin11=PA6
Mcu.Pin12=PD12
Mcu.Pin13=PD13
Mcu.Pin14=PC6
Mcu.Pin15=PC7
Mcu.Pin16=PC8
Mcu.Pin17=PC9
Mcu.Pin18=PA8
Mcu.Pin19=PA13
Mcu.Pin2=PE6
Mcu.Pin20=PA14
Mcu.Pin21=PG13
Mcu.Pin22=PG14
Mcu.Pin23=PB6
Mcu.Pin24=PB7
Mcu.Pin25=PB8
Mcu.Pin26=PB9
Mcu.Pin27=VP_TIM3_VS_ClockSourceINT
Mcu.Pin3=PF7
Mcu.Pin4=PF8
Mcu.Pin5=PF9
Mcu.Pin6=PH0/OSC_IN
Mcu.Pin7=PH1/OSC_OUT
Mcu.Pin8=PC2
Mcu.Pin9=PA0/WKUP
Mcu.PinsNb=28
Mcu.UserConstants=
Mcu.UserName=STM32F429ZITx
MxCube.Version=4.10.1
MxDb.Version=DB.4.0.101
NVIC.DCMI_IRQn=true\:0\:0\:false
NVIC.DMA2_Stream1_IRQn=true\:0\:0\:false
NVIC.NonMaskableInt_IRQn=true\:0\:0\:false
NVIC.PriorityGroup=NVIC_PRIORITYGROUP_0
NVIC.SysTick_IRQn=true\:0\:0\:false
NVIC.TIM3_IRQn=true\:0\:0\:false
PA0/WKUP.GPIOParameters=GPIO_Label,GPIO_PuPd,GPIO_Mode
PA0/WKUP.GPIO_Label=BUTTON
PA0/WKUP.GPIO_Mode=GPIO_MODE_INPUT
PA0/WKUP.GPIO_PuPd=GPIO_PULLDOWN
PA0/WKUP.Locked=true
PA0/WKUP.Signal=GPIO_Input
PA13.Mode=Serial-Wire
PA13.Signal=SYS_JTMS-SWDIO
PA14.Mode=Serial-Wire
PA14.Signal=SYS_JTCK-SWCLK
PA4.Mode=Slave_8_bits_External_Synchro
PA4.Signal=DCMI_HSYNC
PA6.Mode=Slave_8_bits_External_Synchro
PA6.Signal=DCMI_PIXCK
PA8.GPIOParameters=GPIO_Speed,GPIO_PuPd,GPIO_Mode
PA8.GPIO_Mode=GPIO_MODE_AF_PP
PA8.GPIO_PuPd=GPIO_PULLUP
PA8.GPIO_Speed=GPIO_SPEED_HIGH
PA8.Mode=Clock-out-1
PA8.Signal=RCC_MCO_1
PB6.Locked=true
PB6.Mode=Slave_8_bits_External_Synchro
PB6.Signal=DCMI_D5
PB7.GPIOParameters=GPIO_Speed,GPIO_PuPd,GPIO_Mode
PB7.GPIO_Mode=GPIO_MODE_AF_PP
PB7.GPIO_PuPd=GPIO_NOPULL
PB7.GPIO_Speed=GPIO_SPEED_LOW
PB7.Locked=true
PB7.Mode=Slave_8_bits_External_Synchro
PB7.Signal=DCMI_VSYNC
PB8.GPIOParameters=GPIO_Speed,GPIO_Mode,GPIO_PuPdOD
PB8.GPIO_Mode=GPIO_MODE_AF_OD
PB8.GPIO_PuPdOD=GPIO_PULLUP
PB8.GPIO_Speed=GPIO_SPEED_LOW
PB8.Mode=I2C
PB8.Signal=I2C1_SCL
PB9.GPIOParameters=GPIO_Speed,GPIO_Mode,GPIO_PuPdOD
PB9.GPIO_Mode=GPIO_MODE_AF_OD
PB9.GPIO_PuPdOD=GPIO_PULLUP
PB9.GPIO_Speed=GPIO_SPEED_LOW
PB9.Mode=I2C
PB9.Signal=I2C1_SDA
PC2.GPIOParameters=GPIO_ModeDefaultOutputPP,GPIO_Label,GPIO_Speed,GPIO_PuPd
PC2.GPIO_Label=LCD_CS_PIN
PC2.GPIO_ModeDefaultOutputPP=GPIO_MODE_OUTPUT_PP
PC2.GPIO_PuPd=GPIO_NOPULL
PC2.GPIO_Speed=GPIO_SPEED_FAST
PC2.Locked=true
PC2.Signal=GPIO_Output
PC6.Mode=Slave_8_bits_External_Synchro
PC6.Signal=DCMI_D0
PC7.Mode=Slave_8_bits_External_Synchro
PC7.Signal=DCMI_D1
PC8.Mode=Slave_8_bits_External_Synchro
PC8.Signal=DCMI_D2
PC9.Mode=Slave_8_bits_External_Synchro
PC9.Signal=DCMI_D3
PCC.Checker=false
PCC.Line=STM32F429/439
PCC.MCU=STM32F429Z(E-G-I)Tx
PCC.MXVersion=4.10.1
PCC.PartNumber=STM32F429ZITx
PCC.Seq0=0
PCC.Series=STM32F4
PCC.Temperature=25
PCC.Vdd=null
PD12.GPIOParameters=GPIO_ModeDefaultOutputPP,GPIO_Label,GPIO_Speed,GPIO_PuPd
PD12.GPIO_Label=LCD_RST_PIN
PD12.GPIO_ModeDefaultOutputPP=GPIO_MODE_OUTPUT_PP
PD12.GPIO_PuPd=GPIO_NOPULL
PD12.GPIO_Speed=GPIO_SPEED_FAST
PD12.Locked=true
PD12.Signal=GPIO_Output
PD13.GPIOParameters=GPIO_ModeDefaultOutputPP,GPIO_Label,GPIO_Speed,GPIO_PuPd
PD13.GPIO_Label=LCD_WRX_PIN
PD13.GPIO_ModeDefaultOutputPP=GPIO_MODE_OUTPUT_PP
PD13.GPIO_PuPd=GPIO_NOPULL
PD13.GPIO_Speed=GPIO_SPEED_FAST
PD13.Locked=true
PD13.Signal=GPIO_Output
PE4.Mode=Slave_8_bits_External_Synchro
PE4.Signal=DCMI_D4
PE5.Mode=Slave_8_bits_External_Synchro
PE5.Signal=DCMI_D6
PE6.Mode=Slave_8_bits_External_Synchro
PE6.Signal=DCMI_D7
PF7.Mode=Full_Duplex_Master
PF7.Signal=SPI5_SCK
PF8.Mode=Full_Duplex_Master
PF8.Signal=SPI5_MISO
PF9.Mode=Full_Duplex_Master
PF9.Signal=SPI5_MOSI
PG13.GPIOParameters=GPIO_ModeDefaultOutputPP,GPIO_Label,GPIO_Speed,GPIO_PuPd
PG13.GPIO_Label=GREEN_LED
PG13.GPIO_ModeDefaultOutputPP=GPIO_MODE_OUTPUT_PP
PG13.GPIO_PuPd=GPIO_NOPULL
PG13.GPIO_Speed=GPIO_SPEED_HIGH
PG13.Locked=true
PG13.Signal=GPIO_Output
PG14.GPIOParameters=GPIO_ModeDefaultOutputPP,GPIO_Label,GPIO_Speed,GPIO_PuPd
PG14.GPIO_Label=RED_LED
PG14.GPIO_ModeDefaultOutputPP=GPIO_MODE_OUTPUT_PP
PG14.GPIO_PuPd=GPIO_NOPULL
PG14.GPIO_Speed=GPIO_SPEED_HIGH
PG14.Locked=true
PG14.Signal=GPIO_Output
PH0/OSC_IN.Mode=HSE-External-Oscillator
PH0/OSC_IN.Signal=RCC_OSC_IN
PH1/OSC_OUT.Mode=HSE-External-Oscillator
PH1/OSC_OUT.Signal=RCC_OSC_OUT
ProjectManager.AskForMigrate=true
ProjectManager.BackupPrevious=false
ProjectManager.CompilerOptimize=2
ProjectManager.ComputerToolchain=false
ProjectManager.CoupleFile=false
ProjectManager.DeletePrevious=true
ProjectManager.DeviceId=STM32F429ZITx
ProjectManager.FirmwarePackage=STM32Cube FW_F4 V1.8.0
ProjectManager.FreePins=false
ProjectManager.HalAssertFull=false
ProjectManager.KeepUserCode=true
ProjectManager.LastFirmware=true
ProjectManager.LibraryCopy=0
ProjectManager.ProjectBuild=false
ProjectManager.ProjectFileName=cam_dcmi_dma_lcd.ioc
ProjectManager.ProjectName=cam_dcmi_dma_lcd
ProjectManager.TargetToolchain=MDK-ARM V5
ProjectManager.ToolChainLocation=
RCC.48MHZClocksFreq_Value=51428571.428571425
RCC.AHBFreq_Value=180000000
RCC.APB1CLKDivider=RCC_HCLK_DIV4
RCC.APB1Freq_Value=45000000
RCC.APB1TimFreq_Value=90000000
RCC.APB2CLKDivider=RCC_HCLK_DIV2
RCC.APB2Freq_Value=90000000
RCC.APB2TimFreq_Value=180000000
RCC.CortexFreq_Value=180000000
RCC.EnbaleCSS=true
RCC.EthernetFreq_Value=180000000
RCC.FCLKCortexFreq_Value=180000000
RCC.FamilyName=M
RCC.HCLKFreq_Value=180000000
RCC.HSE_VALUE=8000000
RCC.HSI_VALUE=16000000
RCC.I2SClocksFreq_Value=153600000
RCC.IPParameters=HCLKFreq_Value,SYSCLKFreq_VALUE,I2SClocksFreq_Value,PLLCLKFreq_Value,FamilyName,RTCHSEDivFreq_Value,APB2CLKDivider,RTCFreq_Value,SAI_AClocksFreq_Value,SYSCLKSource,MCO2PinFreq_Value,CortexFreq_Value,FCLKCortexFreq_Value,APB1CLKDivider,PLLSourceVirtual,VCOSAIOutputFreq_ValueR,APB2Freq_Value,VCOI2SOutputFreq_Value,SAI_BClocksFreq_Value,VcooutputI2SQ,APB2TimFreq_Value,HSE_VALUE,VCOSAIOutputFreq_ValueQ,HSI_VALUE,LCDTFTFreq_Value,PLLQ,VcooutputI2S,APB1TimFreq_Value,APB1Freq_Value,48MHZClocksFreq_Value,AHBFreq_Value,LSI_VALUE,VCOInputFreq_Value,EthernetFreq_Value,VCOOutputFreq_Value,VCOSAIOutputFreq_Value,PLLQCLKFreq_Value,EnbaleCSS,MCO1PinFreq_Value,LSE_VALUE,RCC_MCO1Source,RCC_MCODiv1,PLLM,PLLN
RCC.LCDTFTFreq_Value=19600000
RCC.LSE_VALUE=32768
RCC.LSI_VALUE=32000
RCC.MCO1PinFreq_Value=45000000
RCC.MCO2PinFreq_Value=180000000
RCC.PLLCLKFreq_Value=180000000
RCC.PLLM=5
RCC.PLLN=225
RCC.PLLQ=7
RCC.PLLQCLKFreq_Value=51428571.428571425
RCC.PLLSourceVirtual=RCC_PLLSOURCE_HSE
RCC.RCC_MCO1Source=RCC_MCO1SOURCE_PLLCLK
RCC.RCC_MCODiv1=RCC_MCODIV_4
RCC.RTCFreq_Value=32000
RCC.RTCHSEDivFreq_Value=4000000
RCC.SAI_AClocksFreq_Value=19600000
RCC.SAI_BClocksFreq_Value=19600000
RCC.SYSCLKFreq_VALUE=180000000
RCC.SYSCLKSource=RCC_SYSCLKSOURCE_PLLCLK
RCC.VCOI2SOutputFreq_Value=307200000
RCC.VCOInputFreq_Value=1600000
RCC.VCOOutputFreq_Value=360000000
RCC.VCOSAIOutputFreq_Value=78400000
RCC.VCOSAIOutputFreq_ValueQ=19600000
RCC.VCOSAIOutputFreq_ValueR=39200000
RCC.VcooutputI2S=153600000
RCC.VcooutputI2SQ=153600000
SPI5.BaudRatePrescaler=SPI_BAUDRATEPRESCALER_32
SPI5.CalculateBaudRate=2.8125 MBits/s
SPI5.DataSize=SPI_DATASIZE_8BIT
SPI5.IPParameters=Mode,CalculateBaudRate,BaudRatePrescaler,DataSize
SPI5.Mode=SPI_MODE_MASTER
TIM3.ClockDivision=TIM_CLOCKDIVISION_DIV2
TIM3.IPParameters=Prescaler,Period,ClockDivision
TIM3.Period=1999
TIM3.Prescaler=44999
VP_TIM3_VS_ClockSourceINT.Mode=Internal
VP_TIM3_VS_ClockSourceINT.Signal=TIM3_VS_ClockSourceINT
board=STM32F429I-DISCO
boardIOC=true
